
Microsoft Visual Studio Solution File, Format Version 12.00
# Visual Studio 15
VisualStudioVersion = 15.0.27428.2037
MinimumVisualStudioVersion = 10.0.40219.1
Project("{FAE04EC0-301F-11D3-BF4B-00C04F79EFBC}") = "MyGame.Android", "MyGame\MyGame.Android\MyGame.Android.csproj", "{084171D5-00D0-4913-82A3-7D7F487616F1}"
EndProject
Project("{FAE04EC0-301F-11D3-BF4B-00C04F79EFBC}") = "MyGame.iOS", "MyGame\MyGame.iOS\MyGame.iOS.csproj", "{C3D2C2E2-86C4-45D7-BA93-282667BEAF60}"
EndProject
Project("{FAE04EC0-301F-11D3-BF4B-00C04F79EFBC}") = "MyGame", "MyGame\MyGame\MyGame.csproj", "{5D28740F-4182-490C-9E9D-BFA059FAE86B}"
EndProject
Global
	GlobalSection(SolutionConfigurationPlatforms) = preSolution
		Ad-Hoc|Any CPU = Ad-Hoc|Any CPU
		Ad-Hoc|iPhone = Ad-Hoc|iPhone
		Ad-Hoc|iPhoneSimulator = Ad-Hoc|iPhoneSimulator
		AppStore|Any CPU = AppStore|Any CPU
		AppStore|iPhone = AppStore|iPhone
		AppStore|iPhoneSimulator = AppStore|iPhoneSimulator
		Debug|Any CPU = Debug|Any CPU
		Debug|iPhone = Debug|iPhone
		Debug|iPhoneSimulator = Debug|iPhoneSimulator
		Release|Any CPU = Release|Any CPU
		Release|iPhone = Release|iPhone
		Release|iPhoneSimulator = Release|iPhoneSimulator
	EndGlobalSection
	GlobalSection(ProjectConfigurationPlatforms) = postSolution
		{084171D5-00D0-4913-82A3-7D7F487616F1}.Ad-Hoc|Any CPU.ActiveCfg = Release|Any CPU
		{084171D5-00D0-4913-82A3-7D7F487616F1}.Ad-Hoc|Any CPU.Build.0 = Release|Any CPU
		{084171D5-00D0-4913-82A3-7D7F487616F1}.Ad-Hoc|Any CPU.Deploy.0 = Release|Any CPU
		{084171D5-00D0-4913-82A3-7D7F487616F1}.Ad-Hoc|iPhone.ActiveCfg = Release|Any CPU
		{084171D5-00D0-4913-82A3-7D7F487616F1}.Ad-Hoc|iPhone.Build.0 = Release|Any CPU
		{084171D5-00D0-4913-82A3-7D7F487616F1}.Ad-Hoc|iPhone.Deploy.0 = Release|Any CPU
		{084171D5-00D0-4913-82A3-7D7F487616F1}.Ad-Hoc|iPhoneSimulator.ActiveCfg = Release|Any CPU
		{084171D5-00D0-4913-82A3-7D7F487616F1}.Ad-Hoc|iPhoneSimulator.Build.0 = Release|Any CPU
		{084171D5-00D0-4913-82A3-7D7F487616F1}.Ad-Hoc|iPhoneSimulator.Deploy.0 = Release|Any CPU
		{084171D5-00D0-4913-82A3-7D7F487616F1}.AppStore|Any CPU.ActiveCfg = Release|Any CPU
		{084171D5-00D0-4913-82A3-7D7F487616F1}.AppStore|Any CPU.Build.0 = Release|Any CPU
		{084171D5-00D0-4913-82A3-7D7F487616F1}.AppStore|Any CPU.Deploy.0 = Release|Any CPU
		{084171D5-00D0-4913-82A3-7D7F487616F1}.AppStore|iPhone.ActiveCfg = Release|Any CPU
		{084171D5-00D0-4913-82A3-7D7F487616F1}.AppStore|iPhone.Build.0 = Release|Any CPU
		{084171D5-00D0-4913-82A3-7D7F487616F1}.AppStore|iPhone.Deploy.0 = Release|Any CPU
		{084171D5-00D0-4913-82A3-7D7F487616F1}.AppStore|iPhoneSimulator.ActiveCfg = Release|Any CPU
		{084171D5-00D0-4913-82A3-7D7F487616F1}.AppStore|iPhoneSimulator.Build.0 = Release|Any CPU
		{084171D5-00D0-4913-82A3-7D7F487616F1}.AppStore|iPhoneSimulator.Deploy.0 = Release|Any CPU
		{084171D5-00D0-4913-82A3-7D7F487616F1}.Debug|Any CPU.ActiveCfg = Debug|Any CPU
		{084171D5-00D0-4913-82A3-7D7F487616F1}.Debug|Any CPU.Build.0 = Debug|Any CPU
		{084171D5-00D0-4913-82A3-7D7F487616F1}.Debug|Any CPU.Deploy.0 = Debug|Any CPU
		{084171D5-00D0-4913-82A3-7D7F487616F1}.Debug|iPhone.ActiveCfg = Debug|Any CPU
		{084171D5-00D0-4913-82A3-7D7F487616F1}.Debug|iPhone.Build.0 = Debug|Any CPU
		{084171D5-00D0-4913-82A3-7D7F487616F1}.Debug|iPhone.Deploy.0 = Debug|Any CPU
		{084171D5-00D0-4913-82A3-7D7F487616F1}.Debug|iPhoneSimulator.ActiveCfg = Debug|Any CPU
		{084171D5-00D0-4913-82A3-7D7F487616F1}.Debug|iPhoneSimulator.Build.0 = Debug|Any CPU
		{084171D5-00D0-4913-82A3-7D7F487616F1}.Debug|iPhoneSimulator.Deploy.0 = Debug|Any CPU
		{084171D5-00D0-4913-82A3-7D7F487616F1}.Release|Any CPU.ActiveCfg = Release|Any CPU
		{084171D5-00D0-4913-82A3-7D7F487616F1}.Release|Any CPU.Build.0 = Release|Any CPU
		{084171D5-00D0-4913-82A3-7D7F487616F1}.Release|Any CPU.Deploy.0 = Release|Any CPU
		{084171D5-00D0-4913-82A3-7D7F487616F1}.Release|iPhone.ActiveCfg = Release|Any CPU
		{084171D5-00D0-4913-82A3-7D7F487616F1}.Release|iPhone.Build.0 = Release|Any CPU
		{084171D5-00D0-4913-82A3-7D7F487616F1}.Release|iPhone.Deploy.0 = Release|Any CPU
		{084171D5-00D0-4913-82A3-7D7F487616F1}.Release|iPhoneSimulator.ActiveCfg = Release|Any CPU
		{084171D5-00D0-4913-82A3-7D7F487616F1}.Release|iPhoneSimulator.Build.0 = Release|Any CPU
		{084171D5-00D0-4913-82A3-7D7F487616F1}.Release|iPhoneSimulator.Deploy.0 = Release|Any CPU
		{C3D2C2E2-86C4-45D7-BA93-282667BEAF60}.Ad-Hoc|Any CPU.ActiveCfg = Ad-Hoc|iPhone
		{C3D2C2E2-86C4-45D7-BA93-282667BEAF60}.Ad-Hoc|iPhone.ActiveCfg = Ad-Hoc|iPhone
		{C3D2C2E2-86C4-45D7-BA93-282667BEAF60}.Ad-Hoc|iPhone.Build.0 = Ad-Hoc|iPhone
		{C3D2C2E2-86C4-45D7-BA93-282667BEAF60}.Ad-Hoc|iPhoneSimulator.ActiveCfg = Ad-Hoc|iPhoneSimulator
		{C3D2C2E2-86C4-45D7-BA93-282667BEAF60}.Ad-Hoc|iPhoneSimulator.Build.0 = Ad-Hoc|iPhoneSimulator
		{C3D2C2E2-86C4-45D7-BA93-282667BEAF60}.AppStore|Any CPU.ActiveCfg = AppStore|iPhone
		{C3D2C2E2-86C4-45D7-BA93-282667BEAF60}.AppStore|iPhone.ActiveCfg = AppStore|iPhone
		{C3D2C2E2-86C4-45D7-BA93-282667BEAF60}.AppStore|iPhone.Build.0 = AppStore|iPhone
		{C3D2C2E2-86C4-45D7-BA93-282667BEAF60}.AppStore|iPhoneSimulator.ActiveCfg = AppStore|iPhoneSimulator
		{C3D2C2E2-86C4-45D7-BA93-282667BEAF60}.AppStore|iPhoneSimulator.Build.0 = AppStore|iPhoneSimulator
		{C3D2C2E2-86C4-45D7-BA93-282667BEAF60}.Debug|Any CPU.ActiveCfg = Debug|iPhone
		{C3D2C2E2-86C4-45D7-BA93-282667BEAF60}.Debug|iPhone.ActiveCfg = Debug|iPhone
		{C3D2C2E2-86C4-45D7-BA93-282667BEAF60}.Debug|iPhone.Build.0 = Debug|iPhone
		{C3D2C2E2-86C4-45D7-BA93-282667BEAF60}.Debug|iPhoneSimulator.ActiveCfg = Debug|iPhoneSimulator
		{C3D2C2E2-86C4-45D7-BA93-282667BEAF60}.Debug|iPhoneSimulator.Build.0 = Debug|iPhoneSimulator
		{C3D2C2E2-86C4-45D7-BA93-282667BEAF60}.Release|Any CPU.ActiveCfg = Release|iPhone
		{C3D2C2E2-86C4-45D7-BA93-282667BEAF60}.Release|iPhone.ActiveCfg = Release|iPhone
		{C3D2C2E2-86C4-45D7-BA93-282667BEAF60}.Release|iPhone.Build.0 = Release|iPhone
		{C3D2C2E2-86C4-45D7-BA93-282667BEAF60}.Release|iPhoneSimulator.ActiveCfg = Release|iPhoneSimulator
		{C3D2C2E2-86C4-45D7-BA93-282667BEAF60}.Release|iPhoneSimulator.Build.0 = Release|iPhoneSimulator
		{5D28740F-4182-490C-9E9D-BFA059FAE86B}.Ad-Hoc|Any CPU.ActiveCfg = Debug|Any CPU
		{5D28740F-4182-490C-9E9D-BFA059FAE86B}.Ad-Hoc|Any CPU.Build.0 = Debug|Any CPU
		{5D28740F-4182-490C-9E9D-BFA059FAE86B}.Ad-Hoc|iPhone.ActiveCfg = Debug|Any CPU
		{5D28740F-4182-490C-9E9D-BFA059FAE86B}.Ad-Hoc|iPhone.Build.0 = Debug|Any CPU
		{5D28740F-4182-490C-9E9D-BFA059FAE86B}.Ad-Hoc|iPhoneSimulator.ActiveCfg = Debug|Any CPU
		{5D28740F-4182-490C-9E9D-BFA059FAE86B}.Ad-Hoc|iPhoneSimulator.Build.0 = Debug|Any CPU
		{5D28740F-4182-490C-9E9D-BFA059FAE86B}.AppStore|Any CPU.ActiveCfg = Debug|Any CPU
		{5D28740F-4182-490C-9E9D-BFA059FAE86B}.AppStore|Any CPU.Build.0 = Debug|Any CPU
		{5D28740F-4182-490C-9E9D-BFA059FAE86B}.AppStore|iPhone.ActiveCfg = Debug|Any CPU
		{5D28740F-4182-490C-9E9D-BFA059FAE86B}.AppStore|iPhone.Build.0 = Debug|Any CPU
		{5D28740F-4182-490C-9E9D-BFA059FAE86B}.AppStore|iPhoneSimulator.ActiveCfg = Debug|Any CPU
		{5D28740F-4182-490C-9E9D-BFA059FAE86B}.AppStore|iPhoneSimulator.Build.0 = Debug|Any CPU
		{5D28740F-4182-490C-9E9D-BFA059FAE86B}.Debug|Any CPU.ActiveCfg = Debug|Any CPU
		{5D28740F-4182-490C-9E9D-BFA059FAE86B}.Debug|Any CPU.Build.0 = Debug|Any CPU
		{5D28740F-4182-490C-9E9D-BFA059FAE86B}.Debug|iPhone.ActiveCfg = Debug|Any CPU
		{5D28740F-4182-490C-9E9D-BFA059FAE86B}.Debug|iPhone.Build.0 = Debug|Any CPU
		{5D28740F-4182-490C-9E9D-BFA059FAE86B}.Debug|iPhoneSimulator.ActiveCfg = Debug|Any CPU
		{5D28740F-4182-490C-9E9D-BFA059FAE86B}.Debug|iPhoneSimulator.Build.0 = Debug|Any CPU
		{5D28740F-4182-490C-9E9D-BFA059FAE86B}.Release|Any CPU.ActiveCfg = Release|Any CPU
		{5D28740F-4182-490C-9E9D-BFA059FAE86B}.Release|Any CPU.Build.0 = Release|Any CPU
		{5D28740F-4182-490C-9E9D-BFA059FAE86B}.Release|iPhone.ActiveCfg = Release|Any CPU
		{5D28740F-4182-490C-9E9D-BFA059FAE86B}.Release|iPhone.Build.0 = Release|Any CPU
		{5D28740F-4182-490C-9E9D-BFA059FAE86B}.Release|iPhoneSimulator.ActiveCfg = Release|Any CPU
		{5D28740F-4182-490C-9E9D-BFA059FAE86B}.Release|iPhoneSimulator.Build.0 = Release|Any CPU
	EndGlobalSection
	GlobalSection(SolutionProperties) = preSolution
		HideSolutionNode = FALSE
	EndGlobalSection
	GlobalSection(ExtensibilityGlobals) = postSolution
		SolutionGuid = {D95B206A-C2F5-4497-A852-AE85E85755B6}
	EndGlobalSection
EndGlobal
